
Microsoft Visual Studio Solution File, Format Version 12.00
# Visual Studio 14
VisualStudioVersion = 14.0.24720.0
MinimumVisualStudioVersion = 10.0.40219.1
Project("{FAE04EC0-301F-11D3-BF4B-00C04F79EFBC}") = "CISK.CDProject.Web", "CISK.CDProject\CISK.CDProject.Web.csproj", "{D530578A-AB1E-461A-8E65-5021322140FF}"
EndProject
Project("{FAE04EC0-301F-11D3-BF4B-00C04F79EFBC}") = "CISK.CDProject.Core", "CISK.CDProject.Core\CISK.CDProject.Core.csproj", "{1D783127-6611-43C5-BB1F-D80D0411F9CE}"
EndProject
Project("{FAE04EC0-301F-11D3-BF4B-00C04F79EFBC}") = "CISK.CDProject.Tests", "CISK.CDProject.Tests\CISK.CDProject.Tests.csproj", "{B7B578CD-E17E-4A77-A8A5-6A836B80124A}"
EndProject
Global
	GlobalSection(SolutionConfigurationPlatforms) = preSolution
		Debug|Any CPU = Debug|Any CPU
		Release|Any CPU = Release|Any CPU
	EndGlobalSection
	GlobalSection(ProjectConfigurationPlatforms) = postSolution
		{D530578A-AB1E-461A-8E65-5021322140FF}.Debug|Any CPU.ActiveCfg = Debug|Any CPU
		{D530578A-AB1E-461A-8E65-5021322140FF}.Debug|Any CPU.Build.0 = Debug|Any CPU
		{D530578A-AB1E-461A-8E65-5021322140FF}.Release|Any CPU.ActiveCfg = Release|Any CPU
		{D530578A-AB1E-461A-8E65-5021322140FF}.Release|Any CPU.Build.0 = Release|Any CPU
		{1D783127-6611-43C5-BB1F-D80D0411F9CE}.Debug|Any CPU.ActiveCfg = Debug|Any CPU
		{1D783127-6611-43C5-BB1F-D80D0411F9CE}.Debug|Any CPU.Build.0 = Debug|Any CPU
		{1D783127-6611-43C5-BB1F-D80D0411F9CE}.Release|Any CPU.ActiveCfg = Release|Any CPU
		{1D783127-6611-43C5-BB1F-D80D0411F9CE}.Release|Any CPU.Build.0 = Release|Any CPU
		{B7B578CD-E17E-4A77-A8A5-6A836B80124A}.Debug|Any CPU.ActiveCfg = Debug|Any CPU
		{B7B578CD-E17E-4A77-A8A5-6A836B80124A}.Debug|Any CPU.Build.0 = Debug|Any CPU
		{B7B578CD-E17E-4A77-A8A5-6A836B80124A}.Release|Any CPU.ActiveCfg = Release|Any CPU
		{B7B578CD-E17E-4A77-A8A5-6A836B80124A}.Release|Any CPU.Build.0 = Release|Any CPU
	EndGlobalSection
	GlobalSection(SolutionProperties) = preSolution
		HideSolutionNode = FALSE
	EndGlobalSection
EndGlobal
